
Microsoft Visual Studio Solution File, Format Version 12.00
# Visual Studio 15
VisualStudioVersion = 15.0.26430.16
MinimumVisualStudioVersion = 10.0.40219.1
Project("{FAE04EC0-301F-11D3-BF4B-00C04F79EFBC}") = "TableWatcher", "TableWatcher\TableWatcher.csproj", "{351F966B-2426-495F-AFD5-A93CF7FCDEC4}"
EndProject
Project("{FAE04EC0-301F-11D3-BF4B-00C04F79EFBC}") = "DatabaseWatcher", "DatabaseWatcher\DatabaseWatcher.csproj", "{0F17BB75-E13B-4BB0-8933-7D0D060B9A41}"
EndProject
Global
	GlobalSection(SolutionConfigurationPlatforms) = preSolution
		Debug|Any CPU = Debug|Any CPU
		Release|Any CPU = Release|Any CPU
	EndGlobalSection
	GlobalSection(ProjectConfigurationPlatforms) = postSolution
		{351F966B-2426-495F-AFD5-A93CF7FCDEC4}.Debug|Any CPU.ActiveCfg = Debug|Any CPU
		{351F966B-2426-495F-AFD5-A93CF7FCDEC4}.Debug|Any CPU.Build.0 = Debug|Any CPU
		{351F966B-2426-495F-AFD5-A93CF7FCDEC4}.Release|Any CPU.ActiveCfg = Release|Any CPU
		{351F966B-2426-495F-AFD5-A93CF7FCDEC4}.Release|Any CPU.Build.0 = Release|Any CPU
		{0F17BB75-E13B-4BB0-8933-7D0D060B9A41}.Debug|Any CPU.ActiveCfg = Debug|Any CPU
		{0F17BB75-E13B-4BB0-8933-7D0D060B9A41}.Debug|Any CPU.Build.0 = Debug|Any CPU
		{0F17BB75-E13B-4BB0-8933-7D0D060B9A41}.Release|Any CPU.ActiveCfg = Release|Any CPU
		{0F17BB75-E13B-4BB0-8933-7D0D060B9A41}.Release|Any CPU.Build.0 = Release|Any CPU
	EndGlobalSection
	GlobalSection(SolutionProperties) = preSolution
		HideSolutionNode = FALSE
	EndGlobalSection
EndGlobal
